
Microsoft Visual Studio Solution File, Format Version 12.00
Project("{FAE04EC0-301F-11D3-BF4B-00C04F79EFBC}") = "Oss.Sage.Launcher", "Sources\Oss.Sage.Launcher\Oss.Sage.Launcher.csproj", "{9AAE1804-FB13-4587-8F97-72EC0B1DBE1E}"
EndProject
Project("{2150E333-8FDC-42A3-9474-1A3956D46DE8}") = "WwVegas", "WwVegas", "{C0D209FA-C594-449B-AF91-D72473382FA3}"
EndProject
Project("{FAE04EC0-301F-11D3-BF4B-00C04F79EFBC}") = "Oss.WwVegas.Ww3D2", "Sources\WwVegas\Oss.WwVegas.Ww3D2\Oss.WwVegas.Ww3D2.csproj", "{7CA71725-31A0-424A-A457-7FD052A82548}"
EndProject
Project("{FAE04EC0-301F-11D3-BF4B-00C04F79EFBC}") = "TestGame", "TestGame\TestGame.csproj", "{FD61110A-C2E4-40D2-8BBB-0F3BA08E224D}"
EndProject
Global
	GlobalSection(SolutionConfigurationPlatforms) = preSolution
		Debug|Any CPU = Debug|Any CPU
		Release|Any CPU = Release|Any CPU
	EndGlobalSection
	GlobalSection(NestedProjects) = preSolution
		{7CA71725-31A0-424A-A457-7FD052A82548} = {C0D209FA-C594-449B-AF91-D72473382FA3}
	EndGlobalSection
	GlobalSection(ProjectConfigurationPlatforms) = postSolution
		{9AAE1804-FB13-4587-8F97-72EC0B1DBE1E}.Debug|Any CPU.ActiveCfg = Debug|Any CPU
		{9AAE1804-FB13-4587-8F97-72EC0B1DBE1E}.Debug|Any CPU.Build.0 = Debug|Any CPU
		{9AAE1804-FB13-4587-8F97-72EC0B1DBE1E}.Release|Any CPU.ActiveCfg = Release|Any CPU
		{9AAE1804-FB13-4587-8F97-72EC0B1DBE1E}.Release|Any CPU.Build.0 = Release|Any CPU
		{7CA71725-31A0-424A-A457-7FD052A82548}.Debug|Any CPU.ActiveCfg = Debug|Any CPU
		{7CA71725-31A0-424A-A457-7FD052A82548}.Debug|Any CPU.Build.0 = Debug|Any CPU
		{7CA71725-31A0-424A-A457-7FD052A82548}.Release|Any CPU.ActiveCfg = Release|Any CPU
		{7CA71725-31A0-424A-A457-7FD052A82548}.Release|Any CPU.Build.0 = Release|Any CPU
		{FD61110A-C2E4-40D2-8BBB-0F3BA08E224D}.Debug|Any CPU.ActiveCfg = Debug|Any CPU
		{FD61110A-C2E4-40D2-8BBB-0F3BA08E224D}.Debug|Any CPU.Build.0 = Debug|Any CPU
		{FD61110A-C2E4-40D2-8BBB-0F3BA08E224D}.Release|Any CPU.ActiveCfg = Release|Any CPU
		{FD61110A-C2E4-40D2-8BBB-0F3BA08E224D}.Release|Any CPU.Build.0 = Release|Any CPU
	EndGlobalSection
EndGlobal
